// !$*UTF8*$!
{
	archiveVersion = 1;
	classes = {
	};
	objectVersion = 50;
	objects = {

/* Begin PBXBuildFile section */
		04419F73258C586F00A1652B /* AppDelegate.swift in Sources */ = {isa = PBXBuildFile; fileRef = 04419F72258C586F00A1652B /* AppDelegate.swift */; };
		04419F75258C586F00A1652B /* SceneDelegate.swift in Sources */ = {isa = PBXBuildFile; fileRef = 04419F74258C586F00A1652B /* SceneDelegate.swift */; };
		04419F7A258C586F00A1652B /* Main.storyboard in Resources */ = {isa = PBXBuildFile; fileRef = 04419F78258C586F00A1652B /* Main.storyboard */; };
		04419F7C258C587000A1652B /* Assets.xcassets in Resources */ = {isa = PBXBuildFile; fileRef = 04419F7B258C587000A1652B /* Assets.xcassets */; };
		04419F7F258C587000A1652B /* LaunchScreen.storyboard in Resources */ = {isa = PBXBuildFile; fileRef = 04419F7D258C587000A1652B /* LaunchScreen.storyboard */; };
		04419F89258C875A00A1652B /* 2.jpg in Resources */ = {isa = PBXBuildFile; fileRef = 04419F88258C875A00A1652B /* 2.jpg */; };
		04419F8C258C875E00A1652B /* 1.jpg in Resources */ = {isa = PBXBuildFile; fileRef = 04419F8B258C875E00A1652B /* 1.jpg */; };
		04419F91258CB13200A1652B /* ThumbnilCell.swift in Sources */ = {isa = PBXBuildFile; fileRef = 04419F90258CB13200A1652B /* ThumbnilCell.swift */; };
		0473824125934268003AEDA4 /* UIExtension.swift in Sources */ = {isa = PBXBuildFile; fileRef = 0473824025934268003AEDA4 /* UIExtension.swift */; };
		0473824425943282003AEDA4 /* 3.jpg in Resources */ = {isa = PBXBuildFile; fileRef = 0473824325943282003AEDA4 /* 3.jpg */; };
		04A378D225903E570048C50E /* ViewController.swift in Sources */ = {isa = PBXBuildFile; fileRef = 04A378D125903E570048C50E /* ViewController.swift */; };
/* End PBXBuildFile section */

/* Begin PBXFileReference section */
		04419F6F258C586F00A1652B /* CoreImageDemo.app */ = {isa = PBXFileReference; explicitFileType = wrapper.application; includeInIndex = 0; path = CoreImageDemo.app; sourceTree = BUILT_PRODUCTS_DIR; };
		04419F72258C586F00A1652B /* AppDelegate.swift */ = {isa = PBXFileReference; lastKnownFileType = sourcecode.swift; path = AppDelegate.swift; sourceTree = "<group>"; };
		04419F74258C586F00A1652B /* SceneDelegate.swift */ = {isa = PBXFileReference; lastKnownFileType = sourcecode.swift; path = SceneDelegate.swift; sourceTree = "<group>"; };
		04419F79258C586F00A1652B /* Base */ = {isa = PBXFileReference; lastKnownFileType = file.storyboard; name = Base; path = Base.lproj/Main.storyboard; sourceTree = "<group>"; };
		04419F7B258C587000A1652B /* Assets.xcassets */ = {isa = PBXFileReference; lastKnownFileType = folder.assetcatalog; path = Assets.xcassets; sourceTree = "<group>"; };
		04419F7E258C587000A1652B /* Base */ = {isa = PBXFileReference; lastKnownFileType = file.storyboard; name = Base; path = Base.lproj/LaunchScreen.storyboard; sourceTree = "<group>"; };
		04419F80258C587000A1652B /* Info.plist */ = {isa = PBXFileReference; lastKnownFileType = text.plist.xml; path = Info.plist; sourceTree = "<group>"; };
		04419F88258C875A00A1652B /* 2.jpg */ = {isa = PBXFileReference; lastKnownFileType = image.jpeg; name = 2.jpg; path = "../../../../../Library/Containers/com.tencent.xinWeChat/Data/Library/Application Support/com.tencent.xinWeChat/2.0b4.0.9/e499ca99d7ff1dd883b508828b9baabe/Message/MessageTemp/9e20f478899dc29eb19741386f9343c8/Image/2.jpg"; sourceTree = "<group>"; };
		04419F8B258C875E00A1652B /* 1.jpg */ = {isa = PBXFileReference; lastKnownFileType = image.jpeg; name = 1.jpg; path = "../../../../../Library/Containers/com.tencent.xinWeChat/Data/Library/Application Support/com.tencent.xinWeChat/2.0b4.0.9/e499ca99d7ff1dd883b508828b9baabe/Message/MessageTemp/9e20f478899dc29eb19741386f9343c8/Image/1.jpg"; sourceTree = "<group>"; };
		04419F90258CB13200A1652B /* ThumbnilCell.swift */ = {isa = PBXFileReference; lastKnownFileType = sourcecode.swift; path = ThumbnilCell.swift; sourceTree = "<group>"; };
		0473824025934268003AEDA4 /* UIExtension.swift */ = {isa = PBXFileReference; lastKnownFileType = sourcecode.swift; path = UIExtension.swift; sourceTree = "<group>"; };
		0473824325943282003AEDA4 /* 3.jpg */ = {isa = PBXFileReference; lastKnownFileType = image.jpeg; name = 3.jpg; path = ../../../../../Downloads/3.jpg; sourceTree = "<group>"; };
		04A378D125903E570048C50E /* ViewController.swift */ = {isa = PBXFileReference; fileEncoding = 4; lastKnownFileType = sourcecode.swift; path = ViewController.swift; sourceTree = "<group>"; };
/* End PBXFileReference section */

/* Begin PBXFrameworksBuildPhase section */
		04419F6C258C586F00A1652B /* Frameworks */ = {
			isa = PBXFrameworksBuildPhase;
			buildActionMask = 2147483647;
			files = (
			);
			runOnlyForDeploymentPostprocessing = 0;
		};
/* End PBXFrameworksBuildPhase section */

/* Begin PBXGroup section */
		04419F66258C586F00A1652B = {
			isa = PBXGroup;
			children = (
				04419F71258C586F00A1652B /* CoreImageDemo */,
				04419F70258C586F00A1652B /* Products */,
			);
			sourceTree = "<group>";
		};
		04419F70258C586F00A1652B /* Products */ = {
			isa = PBXGroup;
			children = (
				04419F6F258C586F00A1652B /* CoreImageDemo.app */,
			);
			name = Products;
			sourceTree = "<group>";
		};
		04419F71258C586F00A1652B /* CoreImageDemo */ = {
			isa = PBXGroup;
			children = (
				0473823F25934257003AEDA4 /* Extension */,
				04419F8F258CB11200A1652B /* Views */,
				04419F87258C874300A1652B /* Images */,
				04419F72258C586F00A1652B /* AppDelegate.swift */,
				04419F74258C586F00A1652B /* SceneDelegate.swift */,
				04419F78258C586F00A1652B /* Main.storyboard */,
				04419F7B258C587000A1652B /* Assets.xcassets */,
				04419F7D258C587000A1652B /* LaunchScreen.storyboard */,
				04419F80258C587000A1652B /* Info.plist */,
			);
			path = CoreImageDemo;
			sourceTree = "<group>";
		};
		04419F87258C874300A1652B /* Images */ = {
			isa = PBXGroup;
			children = (
				04419F8B258C875E00A1652B /* 1.jpg */,
				04419F88258C875A00A1652B /* 2.jpg */,
				0473824325943282003AEDA4 /* 3.jpg */,
			);
			path = Images;
			sourceTree = "<group>";
		};
		04419F8F258CB11200A1652B /* Views */ = {
			isa = PBXGroup;
			children = (
				04A378D125903E570048C50E /* ViewController.swift */,
				04419F90258CB13200A1652B /* ThumbnilCell.swift */,
			);
			path = Views;
			sourceTree = "<group>";
		};
		0473823F25934257003AEDA4 /* Extension */ = {
			isa = PBXGroup;
			children = (
				0473824025934268003AEDA4 /* UIExtension.swift */,
			);
			path = Extension;
			sourceTree = "<group>";
		};
/* End PBXGroup section */

/* Begin PBXNativeTarget section */
		04419F6E258C586F00A1652B /* CoreImageDemo */ = {
			isa = PBXNativeTarget;
			buildConfigurationList = 04419F83258C587000A1652B /* Build configuration list for PBXNativeTarget "CoreImageDemo" */;
			buildPhases = (
				04419F6B258C586F00A1652B /* Sources */,
				04419F6C258C586F00A1652B /* Frameworks */,
				04419F6D258C586F00A1652B /* Resources */,
			);
			buildRules = (
			);
			dependencies = (
			);
			name = CoreImageDemo;
			productName = CoreImageDemo;
			productReference = 04419F6F258C586F00A1652B /* CoreImageDemo.app */;
			productType = "com.apple.product-type.application";
		};
/* End PBXNativeTarget section */

/* Begin PBXProject section */
		04419F67258C586F00A1652B /* Project object */ = {
			isa = PBXProject;
			attributes = {
				LastSwiftUpdateCheck = 1230;
				LastUpgradeCheck = 1230;
				TargetAttributes = {
					04419F6E258C586F00A1652B = {
						CreatedOnToolsVersion = 12.3;
					};
				};
			};
			buildConfigurationList = 04419F6A258C586F00A1652B /* Build configuration list for PBXProject "CoreImageDemo" */;
			compatibilityVersion = "Xcode 9.3";
			developmentRegion = en;
			hasScannedForEncodings = 0;
			knownRegions = (
				en,
				Base,
			);
			mainGroup = 04419F66258C586F00A1652B;
			productRefGroup = 04419F70258C586F00A1652B /* Products */;
			projectDirPath = "";
			projectRoot = "";
			targets = (
				04419F6E258C586F00A1652B /* CoreImageDemo */,
			);
		};
/* End PBXProject section */

/* Begin PBXResourcesBuildPhase section */
		04419F6D258C586F00A1652B /* Resources */ = {
			isa = PBXResourcesBuildPhase;
			buildActionMask = 2147483647;
			files = (
				04419F8C258C875E00A1652B /* 1.jpg in Resources */,
				0473824425943282003AEDA4 /* 3.jpg in Resources */,
				04419F89258C875A00A1652B /* 2.jpg in Resources */,
				04419F7F258C587000A1652B /* LaunchScreen.storyboard in Resources */,
				04419F7C258C587000A1652B /* Assets.xcassets in Resources */,
				04419F7A258C586F00A1652B /* Main.storyboard in Resources */,
			);
			runOnlyForDeploymentPostprocessing = 0;
		};
/* End PBXResourcesBuildPhase section */

/* Begin PBXSourcesBuildPhase section */
		04419F6B258C586F00A1652B /* Sources */ = {
			isa = PBXSourcesBuildPhase;
			buildActionMask = 2147483647;
			files = (
				04A378D225903E570048C50E /* ViewController.swift in Sources */,
				04419F73258C586F00A1652B /* AppDelegate.swift in Sources */,
				04419F91258CB13200A1652B /* ThumbnilCell.swift in Sources */,
				0473824125934268003AEDA4 /* UIExtension.swift in Sources */,
				04419F75258C586F00A1652B /* SceneDelegate.swift in Sources */,
			);
			runOnlyForDeploymentPostprocessing = 0;
		};
/* End PBXSourcesBuildPhase section */

/* Begin PBXVariantGroup section */
		04419F78258C586F00A1652B /* Main.storyboard */ = {
			isa = PBXVariantGroup;
			children = (
				04419F79258C586F00A1652B /* Base */,
			);
			name = Main.storyboard;
			sourceTree = "<group>";
		};
		04419F7D258C587000A1652B /* LaunchScreen.storyboard */ = {
			isa = PBXVariantGroup;
			children = (
				04419F7E258C587000A1652B /* Base */,
			);
			name = LaunchScreen.storyboard;
			sourceTree = "<group>";
		};
/* End PBXVariantGroup section */

/* Begin XCBuildConfiguration section */
		04419F81258C587000A1652B /* Debug */ = {
			isa = XCBuildConfiguration;
			buildSettings = {
				ALWAYS_SEARCH_USER_PATHS = NO;
				CLANG_ANALYZER_NONNULL = YES;
				CLANG_ANALYZER_NUMBER_OBJECT_CONVERSION = YES_AGGRESSIVE;
				CLANG_CXX_LANGUAGE_STANDARD = "gnu++14";
				CLANG_CXX_LIBRARY = "libc++";
				CLANG_ENABLE_MODULES = YES;
				CLANG_ENABLE_OBJC_ARC = YES;
				CLANG_ENABLE_OBJC_WEAK = YES;
				CLANG_WARN_BLOCK_CAPTURE_AUTORELEASING = YES;
				CLANG_WARN_BOOL_CONVERSION = YES;
				CLANG_WARN_COMMA = YES;
				CLANG_WARN_CONSTANT_CONVERSION = YES;
				CLANG_WARN_DEPRECATED_OBJC_IMPLEMENTATIONS = YES;
				CLANG_WARN_DIRECT_OBJC_ISA_USAGE = YES_ERROR;
				CLANG_WARN_DOCUMENTATION_COMMENTS = YES;
				CLANG_WARN_EMPTY_BODY = YES;
				CLANG_WARN_ENUM_CONVERSION = YES;
				CLANG_WARN_INFINITE_RECURSION = YES;
				CLANG_WARN_INT_CONVERSION = YES;
				CLANG_WARN_NON_LITERAL_NULL_CONVERSION = YES;
				CLANG_WARN_OBJC_IMPLICIT_RETAIN_SELF = YES;
				CLANG_WARN_OBJC_LITERAL_CONVERSION = YES;
				CLANG_WARN_OBJC_ROOT_CLASS = YES_ERROR;
				CLANG_WARN_QUOTED_INCLUDE_IN_FRAMEWORK_HEADER = YES;
				CLANG_WARN_RANGE_LOOP_ANALYSIS = YES;
				CLANG_WARN_STRICT_PROTOTYPES = YES;
				CLANG_WARN_SUSPICIOUS_MOVE = YES;
				CLANG_WARN_UNGUARDED_AVAILABILITY = YES_AGGRESSIVE;
				CLANG_WARN_UNREACHABLE_CODE = YES;
				CLANG_WARN__DUPLICATE_METHOD_MATCH = YES;
				COPY_PHASE_STRIP = NO;
				DEBUG_INFORMATION_FORMAT = dwarf;
				ENABLE_STRICT_OBJC_MSGSEND = YES;
				ENABLE_TESTABILITY = YES;
				GCC_C_LANGUAGE_STANDARD = gnu11;
				GCC_DYNAMIC_NO_PIC = NO;
				GCC_NO_COMMON_BLOCKS = YES;
				GCC_OPTIMIZATION_LEVEL = 0;
				GCC_PREPROCESSOR_DEFINITIONS = (
					"DEBUG=1",
					"$(inherited)",
				);
				GCC_WARN_64_TO_32_BIT_CONVERSION = YES;
				GCC_WARN_ABOUT_RETURN_TYPE = YES_ERROR;
				GCC_WARN_UNDECLARED_SELECTOR = YES;
				GCC_WARN_UNINITIALIZED_AUTOS = YES_AGGRESSIVE;
				GCC_WARN_UNUSED_FUNCTION = YES;
				GCC_WARN_UNUSED_VARIABLE = YES;
				IPHONEOS_DEPLOYMENT_TARGET = 14.3;
				MTL_ENABLE_DEBUG_INFO = INCLUDE_SOURCE;
				MTL_FAST_MATH = YES;
				ONLY_ACTIVE_ARCH = YES;
				SDKROOT = iphoneos;
				SWIFT_ACTIVE_COMPILATION_CONDITIONS = DEBUG;
				SWIFT_OPTIMIZATION_LEVEL = "-Onone";
			};
			name = Debug;
		};
		04419F82258C587000A1652B /* Release */ = {
			isa = XCBuildConfiguration;
			buildSettings = {
				ALWAYS_SEARCH_USER_PATHS = NO;
				CLANG_ANALYZER_NONNULL = YES;
				CLANG_ANALYZER_NUMBER_OBJECT_CONVERSION = YES_AGGRESSIVE;
				CLANG_CXX_LANGUAGE_STANDARD = "gnu++14";
				CLANG_CXX_LIBRARY = "libc++";
				CLANG_ENABLE_MODULES = YES;
				CLANG_ENABLE_OBJC_ARC = YES;
				CLANG_ENABLE_OBJC_WEAK = YES;
				CLANG_WARN_BLOCK_CAPTURE_AUTORELEASING = YES;
				CLANG_WARN_BOOL_CONVERSION = YES;
				CLANG_WARN_COMMA = YES;
				CLANG_WARN_CONSTANT_CONVERSION = YES;
				CLANG_WARN_DEPRECATED_OBJC_IMPLEMENTATIONS = YES;
				CLANG_WARN_DIRECT_OBJC_ISA_USAGE = YES_ERROR;
				CLANG_WARN_DOCUMENTATION_COMMENTS = YES;
				CLANG_WARN_EMPTY_BODY = YES;
				CLANG_WARN_ENUM_CONVERSION = YES;
				CLANG_WARN_INFINITE_RECURSION = YES;
				CLANG_WARN_INT_CONVERSION = YES;
				CLANG_WARN_NON_LITERAL_NULL_CONVERSION = YES;
				CLANG_WARN_OBJC_IMPLICIT_RETAIN_SELF = YES;
				CLANG_WARN_OBJC_LITERAL_CONVERSION = YES;
				CLANG_WARN_OBJC_ROOT_CLASS = YES_ERROR;
				CLANG_WARN_QUOTED_INCLUDE_IN_FRAMEWORK_HEADER = YES;
				CLANG_WARN_RANGE_LOOP_ANALYSIS = YES;
				CLANG_WARN_STRICT_PROTOTYPES = YES;
				CLANG_WARN_SUSPICIOUS_MOVE = YES;
				CLANG_WARN_UNGUARDED_AVAILABILITY = YES_AGGRESSIVE;
				CLANG_WARN_UNREACHABLE_CODE = YES;
				CLANG_WARN__DUPLICATE_METHOD_MATCH = YES;
				COPY_PHASE_STRIP = NO;
				DEBUG_INFORMATION_FORMAT = "dwarf-with-dsym";
				ENABLE_NS_ASSERTIONS = NO;
				ENABLE_STRICT_OBJC_MSGSEND = YES;
				GCC_C_LANGUAGE_STANDARD = gnu11;
				GCC_NO_COMMON_BLOCKS = YES;
				GCC_WARN_64_TO_32_BIT_CONVERSION = YES;
				GCC_WARN_ABOUT_RETURN_TYPE = YES_ERROR;
				GCC_WARN_UNDECLARED_SELECTOR = YES;
				GCC_WARN_UNINITIALIZED_AUTOS = YES_AGGRESSIVE;
				GCC_WARN_UNUSED_FUNCTION = YES;
				GCC_WARN_UNUSED_VARIABLE = YES;
				IPHONEOS_DEPLOYMENT_TARGET = 14.3;
				MTL_ENABLE_DEBUG_INFO = NO;
				MTL_FAST_MATH = YES;
				SDKROOT = iphoneos;
				SWIFT_COMPILATION_MODE = wholemodule;
				SWIFT_OPTIMIZATION_LEVEL = "-O";
				VALIDATE_PRODUCT = YES;
			};
			name = Release;
		};
		04419F84258C587000A1652B /* Debug */ = {
			isa = XCBuildConfiguration;
			buildSettings = {
				ASSETCATALOG_COMPILER_APPICON_NAME = AppIcon;
				ASSETCATALOG_COMPILER_GLOBAL_ACCENT_COLOR_NAME = AccentColor;
				CODE_SIGN_STYLE = Automatic;
				DEVELOPMENT_TEAM = W4PUZ6QQ38;
				INFOPLIST_FILE = CoreImageDemo/Info.plist;
				LD_RUNPATH_SEARCH_PATHS = (
					"$(inherited)",
					"@executable_path/Frameworks",
				);
				PRODUCT_BUNDLE_IDENTIFIER = com.CoreImageDemo;
				PRODUCT_NAME = "$(TARGET_NAME)";
				SWIFT_VERSION = 5.0;
				TARGETED_DEVICE_FAMILY = "1,2";
			};
			name = Debug;
		};
		04419F85258C587000A1652B /* Release */ = {
			isa = XCBuildConfiguration;
			buildSettings = {
				ASSETCATALOG_COMPILER_APPICON_NAME = AppIcon;
				ASSETCATALOG_COMPILER_GLOBAL_ACCENT_COLOR_NAME = AccentColor;
				CODE_SIGN_STYLE = Automatic;
				DEVELOPMENT_TEAM = W4PUZ6QQ38;
				INFOPLIST_FILE = CoreImageDemo/Info.plist;
				LD_RUNPATH_SEARCH_PATHS = (
					"$(inherited)",
					"@executable_path/Frameworks",
				);
				PRODUCT_BUNDLE_IDENTIFIER = com.CoreImageDemo;
				PRODUCT_NAME = "$(TARGET_NAME)";
				SWIFT_VERSION = 5.0;
				TARGETED_DEVICE_FAMILY = "1,2";
			};
			name = Release;
		};
/* End XCBuildConfiguration section */

/* Begin XCConfigurationList section */
		04419F6A258C586F00A1652B /* Build configuration list for PBXProject "CoreImageDemo" */ = {
			isa = XCConfigurationList;
			buildConfigurations = (
				04419F81258C587000A1652B /* Debug */,
				04419F82258C587000A1652B /* Release */,
			);
			defaultConfigurationIsVisible = 0;
			defaultConfigurationName = Release;
		};
		04419F83258C587000A1652B /* Build configuration list for PBXNativeTarget "CoreImageDemo" */ = {
			isa = XCConfigurationList;
			buildConfigurations = (
				04419F84258C587000A1652B /* Debug */,
				04419F85258C587000A1652B /* Release */,
			);
			defaultConfigurationIsVisible = 0;
			defaultConfigurationName = Release;
		};
/* End XCConfigurationList section */
	};
	rootObject = 04419F67258C586F00A1652B /* Project object */;
}
